
Microsoft Visual Studio Solution File, Format Version 12.00
# Visual Studio Version 16
VisualStudioVersion = 16.0.31112.23
MinimumVisualStudioVersion = 10.0.40219.1
Project("{FAE04EC0-301F-11D3-BF4B-00C04F79EFBC}") = "WebAPI", "WebAPI\WebAPI.csproj", "{6E2D6086-4629-42D1-84F8-1C26FECB8562}"
EndProject
Global
	GlobalSection(SolutionConfigurationPlatforms) = preSolution
		Debug|Any CPU = Debug|Any CPU
		Release|Any CPU = Release|Any CPU
	EndGlobalSection
	GlobalSection(ProjectConfigurationPlatforms) = postSolution
		{6E2D6086-4629-42D1-84F8-1C26FECB8562}.Debug|Any CPU.ActiveCfg = Debug|Any CPU
		{6E2D6086-4629-42D1-84F8-1C26FECB8562}.Debug|Any CPU.Build.0 = Debug|Any CPU
		{6E2D6086-4629-42D1-84F8-1C26FECB8562}.Release|Any CPU.ActiveCfg = Release|Any CPU
		{6E2D6086-4629-42D1-84F8-1C26FECB8562}.Release|Any CPU.Build.0 = Release|Any CPU
	EndGlobalSection
	GlobalSection(SolutionProperties) = preSolution
		HideSolutionNode = FALSE
	EndGlobalSection
	GlobalSection(ExtensibilityGlobals) = postSolution
		SolutionGuid = {303B5F95-4BB3-4FA4-803A-36DE697B7077}
	EndGlobalSection
EndGlobal
